
Microsoft Visual Studio Solution File, Format Version 12.00
# Visual Studio Version 16
VisualStudioVersion = 16.0.30011.22
MinimumVisualStudioVersion = 10.0.40219.1
Project("{FAE04EC0-301F-11D3-BF4B-00C04F79EFBC}") = "Assignmnet4-7", "Assignmnet4-7\Assignmnet4-7.csproj", "{744BAD5D-6BC1-4347-BBDB-9FB70FADA68D}"
EndProject
Global
	GlobalSection(SolutionConfigurationPlatforms) = preSolution
		Debug|Any CPU = Debug|Any CPU
		Release|Any CPU = Release|Any CPU
	EndGlobalSection
	GlobalSection(ProjectConfigurationPlatforms) = postSolution
		{744BAD5D-6BC1-4347-BBDB-9FB70FADA68D}.Debug|Any CPU.ActiveCfg = Debug|Any CPU
		{744BAD5D-6BC1-4347-BBDB-9FB70FADA68D}.Debug|Any CPU.Build.0 = Debug|Any CPU
		{744BAD5D-6BC1-4347-BBDB-9FB70FADA68D}.Release|Any CPU.ActiveCfg = Release|Any CPU
		{744BAD5D-6BC1-4347-BBDB-9FB70FADA68D}.Release|Any CPU.Build.0 = Release|Any CPU
	EndGlobalSection
	GlobalSection(SolutionProperties) = preSolution
		HideSolutionNode = FALSE
	EndGlobalSection
	GlobalSection(ExtensibilityGlobals) = postSolution
		SolutionGuid = {E1A9F0CD-56CA-4EEB-9F12-34F6CE533AB8}
	EndGlobalSection
EndGlobal
