
Microsoft Visual Studio Solution File, Format Version 12.00
# Visual Studio Version 16
VisualStudioVersion = 16.0.30011.22
MinimumVisualStudioVersion = 10.0.40219.1
Project("{FAE04EC0-301F-11D3-BF4B-00C04F79EFBC}") = "Assignment4-8", "Assignment4-8\Assignment4-8.csproj", "{C67B6133-ACBF-4FA5-897A-8AE4D56F38EE}"
EndProject
Global
	GlobalSection(SolutionConfigurationPlatforms) = preSolution
		Debug|Any CPU = Debug|Any CPU
		Release|Any CPU = Release|Any CPU
	EndGlobalSection
	GlobalSection(ProjectConfigurationPlatforms) = postSolution
		{C67B6133-ACBF-4FA5-897A-8AE4D56F38EE}.Debug|Any CPU.ActiveCfg = Debug|Any CPU
		{C67B6133-ACBF-4FA5-897A-8AE4D56F38EE}.Debug|Any CPU.Build.0 = Debug|Any CPU
		{C67B6133-ACBF-4FA5-897A-8AE4D56F38EE}.Release|Any CPU.ActiveCfg = Release|Any CPU
		{C67B6133-ACBF-4FA5-897A-8AE4D56F38EE}.Release|Any CPU.Build.0 = Release|Any CPU
	EndGlobalSection
	GlobalSection(SolutionProperties) = preSolution
		HideSolutionNode = FALSE
	EndGlobalSection
	GlobalSection(ExtensibilityGlobals) = postSolution
		SolutionGuid = {32A72D76-C695-40F4-8BD5-4729135A71B1}
	EndGlobalSection
EndGlobal
